
Microsoft Visual Studio Solution File, Format Version 12.00
# Visual Studio 14
VisualStudioVersion = 14.0.25123.0
MinimumVisualStudioVersion = 10.0.40219.1
Project("{8BC9CEB8-8B4A-11D0-8D11-00A0C91BC942}") = "gorynych", "gorynych\gorynych.vcxproj", "{D819866F-8336-4872-83CC-D753B9DBE05F}"
EndProject
Project("{8BC9CEB8-8B4A-11D0-8D11-00A0C91BC942}") = "gorynych_unit_test", "test\test.vcxproj", "{508BFA78-3E15-40FB-A6AD-0E80B35CA3CD}"
EndProject
Project("{2150E333-8FDC-42A3-9474-1A3956D46DE8}") = "Solution Items", "Solution Items", "{9FBB8C21-CE3D-4E18-91AD-A0509ECC908B}"
	ProjectSection(SolutionItems) = preProject
		gorynych.licenseheader = gorynych.licenseheader
	EndProjectSection
EndProject
Global
	GlobalSection(SolutionConfigurationPlatforms) = preSolution
		Debug|x64 = Debug|x64
		Debug|x86 = Debug|x86
		Release|x64 = Release|x64
		Release|x86 = Release|x86
	EndGlobalSection
	GlobalSection(ProjectConfigurationPlatforms) = postSolution
		{D819866F-8336-4872-83CC-D753B9DBE05F}.Debug|x64.ActiveCfg = Debug|x64
		{D819866F-8336-4872-83CC-D753B9DBE05F}.Debug|x64.Build.0 = Debug|x64
		{D819866F-8336-4872-83CC-D753B9DBE05F}.Debug|x86.ActiveCfg = Debug|Win32
		{D819866F-8336-4872-83CC-D753B9DBE05F}.Debug|x86.Build.0 = Debug|Win32
		{D819866F-8336-4872-83CC-D753B9DBE05F}.Release|x64.ActiveCfg = Release|x64
		{D819866F-8336-4872-83CC-D753B9DBE05F}.Release|x64.Build.0 = Release|x64
		{D819866F-8336-4872-83CC-D753B9DBE05F}.Release|x86.ActiveCfg = Release|Win32
		{D819866F-8336-4872-83CC-D753B9DBE05F}.Release|x86.Build.0 = Release|Win32
		{508BFA78-3E15-40FB-A6AD-0E80B35CA3CD}.Debug|x64.ActiveCfg = Debug|x64
		{508BFA78-3E15-40FB-A6AD-0E80B35CA3CD}.Debug|x64.Build.0 = Debug|x64
		{508BFA78-3E15-40FB-A6AD-0E80B35CA3CD}.Debug|x86.ActiveCfg = Debug|Win32
		{508BFA78-3E15-40FB-A6AD-0E80B35CA3CD}.Debug|x86.Build.0 = Debug|Win32
		{508BFA78-3E15-40FB-A6AD-0E80B35CA3CD}.Release|x64.ActiveCfg = Release|x64
		{508BFA78-3E15-40FB-A6AD-0E80B35CA3CD}.Release|x64.Build.0 = Release|x64
		{508BFA78-3E15-40FB-A6AD-0E80B35CA3CD}.Release|x86.ActiveCfg = Release|Win32
		{508BFA78-3E15-40FB-A6AD-0E80B35CA3CD}.Release|x86.Build.0 = Release|Win32
	EndGlobalSection
	GlobalSection(SolutionProperties) = preSolution
		HideSolutionNode = FALSE
	EndGlobalSection
EndGlobal
