<?xml version="1.0" encoding="utf-8"?>
<Project ToolsVersion="4.0" xmlns="http://schemas.microsoft.com/developer/msbuild/2003">
  <ItemGroup>
    <Filter Include="Source Files">
      <UniqueIdentifier>{4FC737F1-C7A5-4376-A066-2A32D752A2FF}</UniqueIdentifier>
      <Extensions>cpp;c;cc;cxx;def;odl;idl;hpj;bat;asm;asmx</Extensions>
    </Filter>
    <Filter Include="Header Files">
      <UniqueIdentifier>{93995380-89BD-4b04-88EB-625FBE52EBFB}</UniqueIdentifier>
      <Extensions>h;hh;hpp;hxx;hm;inl;inc;xsd</Extensions>
    </Filter>
    <Filter Include="Resource Files">
      <UniqueIdentifier>{67DA6AB6-F800-4c08-8B7A-83BB121AAD01}</UniqueIdentifier>
      <Extensions>rc;ico;cur;bmp;dlg;rc2;rct;bin;rgs;gif;jpg;jpeg;jpe;resx;tiff;tif;png;wav;mfcribbon-ms</Extensions>
    </Filter>
    <Filter Include="Header Files\avx">
      <UniqueIdentifier>{48c9fa9e-27b5-4826-9835-0f7a8e56daf9}</UniqueIdentifier>
    </Filter>
    <Filter Include="Header Files\sse">
      <UniqueIdentifier>{c9037bee-5ec6-4df9-9037-9c8e9b97fab4}</UniqueIdentifier>
    </Filter>
    <Filter Include="Header Files\opencl">
      <UniqueIdentifier>{1a514455-d0d7-4934-891d-30d76ffb6de4}</UniqueIdentifier>
    </Filter>
    <Filter Include="Header Files\x87">
      <UniqueIdentifier>{05d34019-bcc2-4386-a3bd-5e86c71e0cc7}</UniqueIdentifier>
    </Filter>
    <Filter Include="Header Files\platform">
      <UniqueIdentifier>{078a524d-62c8-48ec-ac9f-0499effedd18}</UniqueIdentifier>
    </Filter>
    <Filter Include="Header Files\util">
      <UniqueIdentifier>{d3aaeef6-f58d-4b42-9c1a-b650d3b7ff71}</UniqueIdentifier>
    </Filter>
  </ItemGroup>
  <ItemGroup>
    <ClInclude Include="avx\avx.h">
      <Filter>Header Files\avx</Filter>
    </ClInclude>
    <ClInclude Include="avx\double4.h">
      <Filter>Header Files\avx</Filter>
    </ClInclude>
    <ClInclude Include="avx\float8.h">
      <Filter>Header Files\avx</Filter>
    </ClInclude>
    <ClInclude Include="avx\int4x2.h">
      <Filter>Header Files\avx</Filter>
    </ClInclude>
    <ClInclude Include="avx\int8.h">
      <Filter>Header Files\avx</Filter>
    </ClInclude>
    <ClInclude Include="x87\SISD.h">
      <Filter>Header Files\x87</Filter>
    </ClInclude>
    <ClInclude Include="opencl\clInt.h">
      <Filter>Header Files\opencl</Filter>
    </ClInclude>
    <ClInclude Include="opencl\opencl.h">
      <Filter>Header Files\opencl</Filter>
    </ClInclude>
    <ClInclude Include="sse\double2.h">
      <Filter>Header Files\sse</Filter>
    </ClInclude>
    <ClInclude Include="sse\float4.h">
      <Filter>Header Files\sse</Filter>
    </ClInclude>
    <ClInclude Include="sse\int4.h">
      <Filter>Header Files\sse</Filter>
    </ClInclude>
    <ClInclude Include="sse\sse.h">
      <Filter>Header Files\sse</Filter>
    </ClInclude>
    <ClInclude Include="dependencies.h">
      <Filter>Header Files</Filter>
    </ClInclude>
    <ClInclude Include="gorynych.h">
      <Filter>Header Files</Filter>
    </ClInclude>
    <ClInclude Include="fastload.h">
      <Filter>Header Files</Filter>
    </ClInclude>
    <ClInclude Include="dispatch.h">
      <Filter>Header Files\platform</Filter>
    </ClInclude>
    <ClInclude Include="system_info.h">
      <Filter>Header Files\platform</Filter>
    </ClInclude>
    <ClInclude Include="unit_test_ext.h">
      <Filter>Header Files\util</Filter>
    </ClInclude>
    <ClInclude Include="macros.h">
      <Filter>Header Files</Filter>
    </ClInclude>
    <ClInclude Include="basic_functions.h">
      <Filter>Header Files</Filter>
    </ClInclude>
  </ItemGroup>
  <ItemGroup>
    <None Include="..\gorynych.licenseheader" />
  </ItemGroup>
</Project>